{
  "name": "frontend",
  "version": "1.0.0",
  "lockfileVersion": 3,
  "requires": true,
  "packages": {
    "": {
      "name": "frontend",
      "version": "1.0.0",
      "devDependencies": {
        "daisyui": "^5.0.0",
        "tailwindcss": "^4.0.0"
      }
    },
    "node_modules/daisyui": {
      "version": "5.0.0",
      "resolved": "https://registry.npmjs.org/daisyui/-/daisyui-5.0.0.tgz",
      "integrity": "sha512-U0K9Bac3Bi3zZGm6ojrw12F0vBHTpEgf46zv/BYxLe07hF0Xnx7emIQliwaRBgJuYhY0BhwQ6wSnq5cJXHA2yA==",
      "dev": true,
      "license": "MIT",
      "funding": {
        "url": "https://github.com/saadeghi/daisyui?sponsor=1"
      }
    },
    "node_modules/tailwindcss": {
      "version": "4.0.9",
      "resolved": "https://registry.npmjs.org/tailwindcss/-/tailwindcss-4.0.9.tgz",
      "integrity": "sha512-12laZu+fv1ONDRoNR9ipTOpUD7RN9essRVkX36sjxuRUInpN7hIiHN4lBd/SIFjbISvnXzp8h/hXzmU8SQQYhw==",
      "dev": true,
      "license": "MIT"
    }
  }
}
