{
  "nodes": {
    "fenix": {
      "inputs": {
        "nixpkgs": [
          "nixpkgs"
        ],
        "rust-analyzer-src": "rust-analyzer-src"
      },
      "locked": {
        "lastModified": 1788865058,
        "narHash": "sha256-ZkvwEHlSa46BkODMEwHCEh9hlUC2igneJ+noEUn9ww4=",
        "owner": "nix-community",
        "repo": "fenix",
        "rev": "9efa138447c5773995d98d9aafa9eba4982aceab",
        "type": "github"
      },
      "original": {
        "owner": "nix-community",
        "repo": "fenix",
        "type": "github"
      }
    },
    "flake-parts": {
      "inputs": {
        "nixpkgs-lib": [
          "nixpkgs"
        ]
      },
      "locked": {
        "lastModified": 1704152458,
        "narHash": "sha256-DS+dGw7SKygIWf9w4eNBUZsK+4Ug27NwEWmn2tnbycg=",
        "owner": "hercules-ci",
        "repo": "flake-parts",
        "rev": "88a2cd8166694ba0b6cb374700799cec53aef527",
        "type": "github"
      },
      "original": {
        "owner": "hercules-ci",
        "repo": "flake-parts",
        "type": "github"
      }
    },
    "nixpkgs": {
      "locked": {
        "lastModified": 1788921488,
        "narHash": "sha256-8+xWRxEkD6l217cIUdRxfeUGS9lQX0hVtUuNVsBaDzk=",
        "owner": "nixos",
        "repo": "nixpkgs",
        "rev": "6aefcda9401be8acc2b74244fb3b37520ea1f0a8",
        "type": "github"
      },
      "original": {
        "owner": "nixos",
        "ref": "nixos-26.05",
        "repo": "nixpkgs",
        "type": "github"
      }
    },
    "root": {
      "inputs": {
        "fenix": "fenix",
        "flake-parts": "flake-parts",
        "nixpkgs": "nixpkgs"
      }
    },
    "rust-analyzer-src": {
      "flake": false,
      "locked": {
        "lastModified": 1788794694,
        "narHash": "sha256-FROpcpM2ELawfxhW8cWuz8m3dp/0EFAFCiK+AbNw95w=",
        "owner": "rust-lang",
        "repo": "rust-analyzer",
        "rev": "48d839420745124e85140234ce783ccd90dab24e",
        "type": "github"
      },
      "original": {
        "owner": "rust-lang",
        "ref": "nightly",
        "repo": "rust-analyzer",
        "type": "github"
      }
    }
  },
  "root": "root",
  "version": 7
}
